
Microsoft Visual Studio Solution File, Format Version 12.00
# Visual Studio Version 17
VisualStudioVersion = 17.8.34525.116
MinimumVisualStudioVersion = 10.0.40219.1
Project("{9A19103F-16F7-4668-BE54-9A1E7A4F7556}") = "BackendTZ", "BackendTZ\BackendTZ.csproj", "{C423C529-B2D1-4F91-A131-EC81C8FE112D}"
EndProject
Project("{9A19103F-16F7-4668-BE54-9A1E7A4F7556}") = "BackendTZ.Core", "BackendTZ.Core\BackendTZ.Core.csproj", "{42F96DE5-9440-423E-8460-D680E592264B}"
EndProject
Project("{9A19103F-16F7-4668-BE54-9A1E7A4F7556}") = "BackendTZ.DataAccess", "BackendTZ.DataAccess\BackendTZ.DataAccess.csproj", "{9DEEFB6B-F468-42A0-9A90-F49A63129C75}"
EndProject
Project("{FAE04EC0-301F-11D3-BF4B-00C04F79EFBC}") = "BackendTZ.Application", "BackendTZ.Application\BackendTZ.Application.csproj", "{272B54C3-A9A1-4562-8243-7E6781129810}"
EndProject
Global
	GlobalSection(SolutionConfigurationPlatforms) = preSolution
		Debug|Any CPU = Debug|Any CPU
		Release|Any CPU = Release|Any CPU
	EndGlobalSection
	GlobalSection(ProjectConfigurationPlatforms) = postSolution
		{C423C529-B2D1-4F91-A131-EC81C8FE112D}.Debug|Any CPU.ActiveCfg = Debug|Any CPU
		{C423C529-B2D1-4F91-A131-EC81C8FE112D}.Debug|Any CPU.Build.0 = Debug|Any CPU
		{C423C529-B2D1-4F91-A131-EC81C8FE112D}.Release|Any CPU.ActiveCfg = Release|Any CPU
		{C423C529-B2D1-4F91-A131-EC81C8FE112D}.Release|Any CPU.Build.0 = Release|Any CPU
		{42F96DE5-9440-423E-8460-D680E592264B}.Debug|Any CPU.ActiveCfg = Debug|Any CPU
		{42F96DE5-9440-423E-8460-D680E592264B}.Debug|Any CPU.Build.0 = Debug|Any CPU
		{42F96DE5-9440-423E-8460-D680E592264B}.Release|Any CPU.ActiveCfg = Release|Any CPU
		{42F96DE5-9440-423E-8460-D680E592264B}.Release|Any CPU.Build.0 = Release|Any CPU
		{9DEEFB6B-F468-42A0-9A90-F49A63129C75}.Debug|Any CPU.ActiveCfg = Debug|Any CPU
		{9DEEFB6B-F468-42A0-9A90-F49A63129C75}.Debug|Any CPU.Build.0 = Debug|Any CPU
		{9DEEFB6B-F468-42A0-9A90-F49A63129C75}.Release|Any CPU.ActiveCfg = Release|Any CPU
		{9DEEFB6B-F468-42A0-9A90-F49A63129C75}.Release|Any CPU.Build.0 = Release|Any CPU
		{272B54C3-A9A1-4562-8243-7E6781129810}.Debug|Any CPU.ActiveCfg = Debug|Any CPU
		{272B54C3-A9A1-4562-8243-7E6781129810}.Debug|Any CPU.Build.0 = Debug|Any CPU
		{272B54C3-A9A1-4562-8243-7E6781129810}.Release|Any CPU.ActiveCfg = Release|Any CPU
		{272B54C3-A9A1-4562-8243-7E6781129810}.Release|Any CPU.Build.0 = Release|Any CPU
	EndGlobalSection
	GlobalSection(SolutionProperties) = preSolution
		HideSolutionNode = FALSE
	EndGlobalSection
	GlobalSection(ExtensibilityGlobals) = postSolution
		SolutionGuid = {942311BE-A238-46E5-8ACE-1D53FFA8B7CD}
	EndGlobalSection
EndGlobal
